// !$*UTF8*$!
{
	archiveVersion = 1;
	classes = {
	};
	objectVersion = 46;
	objects = {

/* Begin PBXBuildFile section */
		B3E7B58A1CC2AC0600A0062D /* RCTAgoraRteChatView.m in Sources */ = {isa = PBXBuildFile; fileRef = B3E7B5891CC2AC0600A0062D /* RCTAgoraRteChatView.m */; };
		DD2E48F62861DB5300D16060 /* RCTAgoraRteChatViewManager.m in Sources */ = {isa = PBXBuildFile; fileRef = DD2E48F52861DB5300D16060 /* RCTAgoraRteChatViewManager.m */; };
		DDD7A83128646E05008BE80F /* AGResourceManager.m in Sources */ = {isa = PBXBuildFile; fileRef = DDD7A7E928646E05008BE80F /* AGResourceManager.m */; };
		DDD7A83228646E05008BE80F /* EMDateHelper.m in Sources */ = {isa = PBXBuildFile; fileRef = DDD7A7EA28646E05008BE80F /* EMDateHelper.m */; };
		DDD7A83328646E05008BE80F /* EMEmojiHelper.m in Sources */ = {isa = PBXBuildFile; fileRef = DDD7A7EC28646E05008BE80F /* EMEmojiHelper.m */; };
		DDD7A83428646E05008BE80F /* EmojiKeyboardView.m in Sources */ = {isa = PBXBuildFile; fileRef = DDD7A7ED28646E05008BE80F /* EmojiKeyboardView.m */; };
		DDD7A83528646E05008BE80F /* ChatUserConfig.m in Sources */ = {isa = PBXBuildFile; fileRef = DDD7A7F428646E05008BE80F /* ChatUserConfig.m */; };
		DDD7A83628646E05008BE80F /* ChatManager.m in Sources */ = {isa = PBXBuildFile; fileRef = DDD7A7F628646E05008BE80F /* ChatManager.m */; };
		DDD7A83728646E05008BE80F /* AnnouncementView.m in Sources */ = {isa = PBXBuildFile; fileRef = DDD7A7F928646E05008BE80F /* AnnouncementView.m */; };
		DDD7A83828646E05008BE80F /* ChatBar.m in Sources */ = {isa = PBXBuildFile; fileRef = DDD7A7FD28646E05008BE80F /* ChatBar.m */; };
		DDD7A83928646E05008BE80F /* EMMessageCell.m in Sources */ = {isa = PBXBuildFile; fileRef = DDD7A80028646E05008BE80F /* EMMessageCell.m */; };
		DDD7A83A28646E05008BE80F /* EMMessageStringCell.m in Sources */ = {isa = PBXBuildFile; fileRef = DDD7A80128646E05008BE80F /* EMMessageStringCell.m */; };
		DDD7A83B28646E05008BE80F /* EMMessageStatusView.m in Sources */ = {isa = PBXBuildFile; fileRef = DDD7A80228646E05008BE80F /* EMMessageStatusView.m */; };
		DDD7A83C28646E05008BE80F /* EMMsgImageBubbleView.m in Sources */ = {isa = PBXBuildFile; fileRef = DDD7A80828646E05008BE80F /* EMMsgImageBubbleView.m */; };
		DDD7A83D28646E05008BE80F /* EMMsgTextBubbleView.m in Sources */ = {isa = PBXBuildFile; fileRef = DDD7A80928646E05008BE80F /* EMMsgTextBubbleView.m */; };
		DDD7A83E28646E05008BE80F /* EMMessageBubbleView.m in Sources */ = {isa = PBXBuildFile; fileRef = DDD7A80A28646E05008BE80F /* EMMessageBubbleView.m */; };
		DDD7A83F28646E05008BE80F /* InputingView.m in Sources */ = {isa = PBXBuildFile; fileRef = DDD7A82A28646E05008BE80F /* InputingView.m */; };
		DDD7A84028646E05008BE80F /* EMMessageModel.m in Sources */ = {isa = PBXBuildFile; fileRef = DDD7A82B28646E05008BE80F /* EMMessageModel.m */; };
		DDD7A84128646E05008BE80F /* ChatTopView.m in Sources */ = {isa = PBXBuildFile; fileRef = DDD7A82D28646E05008BE80F /* ChatTopView.m */; };
		DDD7A84228646E05008BE80F /* CustomBadgeView.m in Sources */ = {isa = PBXBuildFile; fileRef = DDD7A82F28646E05008BE80F /* CustomBadgeView.m */; };
		DDD7A84328646E05008BE80F /* ChatView.m in Sources */ = {isa = PBXBuildFile; fileRef = DDD7A83028646E05008BE80F /* ChatView.m */; };
/* End PBXBuildFile section */

/* Begin PBXCopyFilesBuildPhase section */
		58B511D91A9E6C8500147676 /* CopyFiles */ = {
			isa = PBXCopyFilesBuildPhase;
			buildActionMask = 2147483647;
			dstPath = "include/$(PRODUCT_NAME)";
			dstSubfolderSpec = 16;
			files = (
			);
			runOnlyForDeploymentPostprocessing = 0;
		};
/* End PBXCopyFilesBuildPhase section */

/* Begin PBXFileReference section */
		134814201AA4EA6300B7C361 /* libRNAgoraRteChatview.a */ = {isa = PBXFileReference; explicitFileType = archive.ar; includeInIndex = 0; path = libRNAgoraRteChatview.a; sourceTree = BUILT_PRODUCTS_DIR; };
		B3E7B5881CC2AC0600A0062D /* RCTAgoraRteChatView.h */ = {isa = PBXFileReference; fileEncoding = 4; lastKnownFileType = sourcecode.c.h; path = RCTAgoraRteChatView.h; sourceTree = "<group>"; };
		B3E7B5891CC2AC0600A0062D /* RCTAgoraRteChatView.m */ = {isa = PBXFileReference; fileEncoding = 4; lastKnownFileType = sourcecode.c.objc; path = RCTAgoraRteChatView.m; sourceTree = "<group>"; };
		DD2E48F42861DB5300D16060 /* RCTAgoraRteChatViewManager.h */ = {isa = PBXFileReference; lastKnownFileType = sourcecode.c.h; path = RCTAgoraRteChatViewManager.h; sourceTree = "<group>"; };
		DD2E48F52861DB5300D16060 /* RCTAgoraRteChatViewManager.m */ = {isa = PBXFileReference; lastKnownFileType = sourcecode.c.objc; path = RCTAgoraRteChatViewManager.m; sourceTree = "<group>"; };
		DDD7A7E728646E05008BE80F /* AGResourceManager.h */ = {isa = PBXFileReference; fileEncoding = 4; lastKnownFileType = sourcecode.c.h; path = AGResourceManager.h; sourceTree = "<group>"; };
		DDD7A7E828646E05008BE80F /* EMDateHelper.h */ = {isa = PBXFileReference; fileEncoding = 4; lastKnownFileType = sourcecode.c.h; path = EMDateHelper.h; sourceTree = "<group>"; };
		DDD7A7E928646E05008BE80F /* AGResourceManager.m */ = {isa = PBXFileReference; fileEncoding = 4; lastKnownFileType = sourcecode.c.objc; path = AGResourceManager.m; sourceTree = "<group>"; };
		DDD7A7EA28646E05008BE80F /* EMDateHelper.m */ = {isa = PBXFileReference; fileEncoding = 4; lastKnownFileType = sourcecode.c.objc; path = EMDateHelper.m; sourceTree = "<group>"; };
		DDD7A7EC28646E05008BE80F /* EMEmojiHelper.m */ = {isa = PBXFileReference; fileEncoding = 4; lastKnownFileType = sourcecode.c.objc; path = EMEmojiHelper.m; sourceTree = "<group>"; };
		DDD7A7ED28646E05008BE80F /* EmojiKeyboardView.m */ = {isa = PBXFileReference; fileEncoding = 4; lastKnownFileType = sourcecode.c.objc; path = EmojiKeyboardView.m; sourceTree = "<group>"; };
		DDD7A7EE28646E05008BE80F /* EMEmojiHelper.h */ = {isa = PBXFileReference; fileEncoding = 4; lastKnownFileType = sourcecode.c.h; path = EMEmojiHelper.h; sourceTree = "<group>"; };
		DDD7A7EF28646E05008BE80F /* EmojiKeyboardView.h */ = {isa = PBXFileReference; fileEncoding = 4; lastKnownFileType = sourcecode.c.h; path = EmojiKeyboardView.h; sourceTree = "<group>"; };
		DDD7A7F028646E05008BE80F /* AgoraRteChat.bundle */ = {isa = PBXFileReference; lastKnownFileType = "wrapper.plug-in"; path = AgoraRteChat.bundle; sourceTree = "<group>"; };
		DDD7A7F228646E05008BE80F /* ChatUserConfig.h */ = {isa = PBXFileReference; fileEncoding = 4; lastKnownFileType = sourcecode.c.h; path = ChatUserConfig.h; sourceTree = "<group>"; };
		DDD7A7F328646E05008BE80F /* ChatManager.h */ = {isa = PBXFileReference; fileEncoding = 4; lastKnownFileType = sourcecode.c.h; path = ChatManager.h; sourceTree = "<group>"; };
		DDD7A7F428646E05008BE80F /* ChatUserConfig.m */ = {isa = PBXFileReference; fileEncoding = 4; lastKnownFileType = sourcecode.c.objc; path = ChatUserConfig.m; sourceTree = "<group>"; };
		DDD7A7F528646E05008BE80F /* ChatWidgetDefine.h */ = {isa = PBXFileReference; fileEncoding = 4; lastKnownFileType = sourcecode.c.h; path = ChatWidgetDefine.h; sourceTree = "<group>"; };
		DDD7A7F628646E05008BE80F /* ChatManager.m */ = {isa = PBXFileReference; fileEncoding = 4; lastKnownFileType = sourcecode.c.objc; path = ChatManager.m; sourceTree = "<group>"; };
		DDD7A7F828646E05008BE80F /* EMMessageModel.h */ = {isa = PBXFileReference; fileEncoding = 4; lastKnownFileType = sourcecode.c.h; path = EMMessageModel.h; sourceTree = "<group>"; };
		DDD7A7F928646E05008BE80F /* AnnouncementView.m */ = {isa = PBXFileReference; fileEncoding = 4; lastKnownFileType = sourcecode.c.objc; path = AnnouncementView.m; sourceTree = "<group>"; };
		DDD7A7FA28646E05008BE80F /* InputingView.h */ = {isa = PBXFileReference; fileEncoding = 4; lastKnownFileType = sourcecode.c.h; path = InputingView.h; sourceTree = "<group>"; };
		DDD7A7FB28646E05008BE80F /* ChatView.h */ = {isa = PBXFileReference; fileEncoding = 4; lastKnownFileType = sourcecode.c.h; path = ChatView.h; sourceTree = "<group>"; };
		DDD7A7FC28646E05008BE80F /* CustomBadgeView.h */ = {isa = PBXFileReference; fileEncoding = 4; lastKnownFileType = sourcecode.c.h; path = CustomBadgeView.h; sourceTree = "<group>"; };
		DDD7A7FD28646E05008BE80F /* ChatBar.m */ = {isa = PBXFileReference; fileEncoding = 4; lastKnownFileType = sourcecode.c.objc; path = ChatBar.m; sourceTree = "<group>"; };
		DDD7A7FE28646E05008BE80F /* ChatTopView.h */ = {isa = PBXFileReference; fileEncoding = 4; lastKnownFileType = sourcecode.c.h; path = ChatTopView.h; sourceTree = "<group>"; };
		DDD7A80028646E05008BE80F /* EMMessageCell.m */ = {isa = PBXFileReference; fileEncoding = 4; lastKnownFileType = sourcecode.c.objc; path = EMMessageCell.m; sourceTree = "<group>"; };
		DDD7A80128646E05008BE80F /* EMMessageStringCell.m */ = {isa = PBXFileReference; fileEncoding = 4; lastKnownFileType = sourcecode.c.objc; path = EMMessageStringCell.m; sourceTree = "<group>"; };
		DDD7A80228646E05008BE80F /* EMMessageStatusView.m */ = {isa = PBXFileReference; fileEncoding = 4; lastKnownFileType = sourcecode.c.objc; path = EMMessageStatusView.m; sourceTree = "<group>"; };
		DDD7A80328646E05008BE80F /* EMMessageStringCell.h */ = {isa = PBXFileReference; fileEncoding = 4; lastKnownFileType = sourcecode.c.h; path = EMMessageStringCell.h; sourceTree = "<group>"; };
		DDD7A80528646E05008BE80F /* EMMsgImageBubbleView.h */ = {isa = PBXFileReference; fileEncoding = 4; lastKnownFileType = sourcecode.c.h; path = EMMsgImageBubbleView.h; sourceTree = "<group>"; };
		DDD7A80628646E05008BE80F /* EMMessageBubbleView.h */ = {isa = PBXFileReference; fileEncoding = 4; lastKnownFileType = sourcecode.c.h; path = EMMessageBubbleView.h; sourceTree = "<group>"; };
		DDD7A80728646E05008BE80F /* EMMsgTextBubbleView.h */ = {isa = PBXFileReference; fileEncoding = 4; lastKnownFileType = sourcecode.c.h; path = EMMsgTextBubbleView.h; sourceTree = "<group>"; };
		DDD7A80828646E05008BE80F /* EMMsgImageBubbleView.m */ = {isa = PBXFileReference; fileEncoding = 4; lastKnownFileType = sourcecode.c.objc; path = EMMsgImageBubbleView.m; sourceTree = "<group>"; };
		DDD7A80928646E05008BE80F /* EMMsgTextBubbleView.m */ = {isa = PBXFileReference; fileEncoding = 4; lastKnownFileType = sourcecode.c.objc; path = EMMsgTextBubbleView.m; sourceTree = "<group>"; };
		DDD7A80A28646E05008BE80F /* EMMessageBubbleView.m */ = {isa = PBXFileReference; fileEncoding = 4; lastKnownFileType = sourcecode.c.objc; path = EMMessageBubbleView.m; sourceTree = "<group>"; };
		DDD7A80B28646E05008BE80F /* EMMessageCell.h */ = {isa = PBXFileReference; fileEncoding = 4; lastKnownFileType = sourcecode.c.h; path = EMMessageCell.h; sourceTree = "<group>"; };
		DDD7A80D28646E05008BE80F /* msg_recv_audio02@2x.png */ = {isa = PBXFileReference; lastKnownFileType = image.png; path = "msg_recv_audio02@2x.png"; sourceTree = "<group>"; };
		DDD7A80E28646E05008BE80F /* msg_location@2x.png */ = {isa = PBXFileReference; lastKnownFileType = image.png; path = "msg_location@2x.png"; sourceTree = "<group>"; };
		DDD7A80F28646E05008BE80F /* msg_location_white@3x.png */ = {isa = PBXFileReference; lastKnownFileType = image.png; path = "msg_location_white@3x.png"; sourceTree = "<group>"; };
		DDD7A81028646E05008BE80F /* msg_bg_send@3x.png */ = {isa = PBXFileReference; lastKnownFileType = image.png; path = "msg_bg_send@3x.png"; sourceTree = "<group>"; };
		DDD7A81128646E05008BE80F /* msg_send_audio02@3x.png */ = {isa = PBXFileReference; lastKnownFileType = image.png; path = "msg_send_audio02@3x.png"; sourceTree = "<group>"; };
		DDD7A81228646E05008BE80F /* msg_send_audio02@2x.png */ = {isa = PBXFileReference; lastKnownFileType = image.png; path = "msg_send_audio02@2x.png"; sourceTree = "<group>"; };
		DDD7A81328646E05008BE80F /* msg_location_white@2x.png */ = {isa = PBXFileReference; lastKnownFileType = image.png; path = "msg_location_white@2x.png"; sourceTree = "<group>"; };
		DDD7A81428646E05008BE80F /* msg_recv_audio02@3x.png */ = {isa = PBXFileReference; lastKnownFileType = image.png; path = "msg_recv_audio02@3x.png"; sourceTree = "<group>"; };
		DDD7A81528646E05008BE80F /* msg_location@3x.png */ = {isa = PBXFileReference; lastKnownFileType = image.png; path = "msg_location@3x.png"; sourceTree = "<group>"; };
		DDD7A81628646E05008BE80F /* msg_fail@2x.png */ = {isa = PBXFileReference; lastKnownFileType = image.png; path = "msg_fail@2x.png"; sourceTree = "<group>"; };
		DDD7A81728646E05008BE80F /* msg_fail@3x.png */ = {isa = PBXFileReference; lastKnownFileType = image.png; path = "msg_fail@3x.png"; sourceTree = "<group>"; };
		DDD7A81828646E05008BE80F /* msg_send_audio@3x.png */ = {isa = PBXFileReference; lastKnownFileType = image.png; path = "msg_send_audio@3x.png"; sourceTree = "<group>"; };
		DDD7A81928646E05008BE80F /* msg_send_audio01@2x.png */ = {isa = PBXFileReference; lastKnownFileType = image.png; path = "msg_send_audio01@2x.png"; sourceTree = "<group>"; };
		DDD7A81A28646E05008BE80F /* msg_recv_audio01@3x.png */ = {isa = PBXFileReference; lastKnownFileType = image.png; path = "msg_recv_audio01@3x.png"; sourceTree = "<group>"; };
		DDD7A81B28646E05008BE80F /* msg_recv_audio01@2x.png */ = {isa = PBXFileReference; lastKnownFileType = image.png; path = "msg_recv_audio01@2x.png"; sourceTree = "<group>"; };
		DDD7A81C28646E05008BE80F /* msg_send_audio01@3x.png */ = {isa = PBXFileReference; lastKnownFileType = image.png; path = "msg_send_audio01@3x.png"; sourceTree = "<group>"; };
		DDD7A81D28646E05008BE80F /* msg_send_audio@2x.png */ = {isa = PBXFileReference; lastKnownFileType = image.png; path = "msg_send_audio@2x.png"; sourceTree = "<group>"; };
		DDD7A81E28646E05008BE80F /* msg_recv_audio@3x.png */ = {isa = PBXFileReference; lastKnownFileType = image.png; path = "msg_recv_audio@3x.png"; sourceTree = "<group>"; };
		DDD7A81F28646E05008BE80F /* msg_file_white@2x.png */ = {isa = PBXFileReference; lastKnownFileType = image.png; path = "msg_file_white@2x.png"; sourceTree = "<group>"; };
		DDD7A82028646E05008BE80F /* msg_file@3x.png */ = {isa = PBXFileReference; lastKnownFileType = image.png; path = "msg_file@3x.png"; sourceTree = "<group>"; };
		DDD7A82128646E05008BE80F /* msg_img_broken@2x.png */ = {isa = PBXFileReference; lastKnownFileType = image.png; path = "msg_img_broken@2x.png"; sourceTree = "<group>"; };
		DDD7A82228646E05008BE80F /* msg_video_white@2x.png */ = {isa = PBXFileReference; lastKnownFileType = image.png; path = "msg_video_white@2x.png"; sourceTree = "<group>"; };
		DDD7A82328646E05008BE80F /* msg_bg_recv@3x.png */ = {isa = PBXFileReference; lastKnownFileType = image.png; path = "msg_bg_recv@3x.png"; sourceTree = "<group>"; };
		DDD7A82428646E05008BE80F /* msg_video_white@3x.png */ = {isa = PBXFileReference; lastKnownFileType = image.png; path = "msg_video_white@3x.png"; sourceTree = "<group>"; };
		DDD7A82528646E05008BE80F /* msg_img_broken@3x.png */ = {isa = PBXFileReference; lastKnownFileType = image.png; path = "msg_img_broken@3x.png"; sourceTree = "<group>"; };
		DDD7A82628646E05008BE80F /* msg_file@2x.png */ = {isa = PBXFileReference; lastKnownFileType = image.png; path = "msg_file@2x.png"; sourceTree = "<group>"; };
		DDD7A82728646E05008BE80F /* msg_file_white@3x.png */ = {isa = PBXFileReference; lastKnownFileType = image.png; path = "msg_file_white@3x.png"; sourceTree = "<group>"; };
		DDD7A82828646E05008BE80F /* msg_recv_audio@2x.png */ = {isa = PBXFileReference; lastKnownFileType = image.png; path = "msg_recv_audio@2x.png"; sourceTree = "<group>"; };
		DDD7A82928646E05008BE80F /* EMMessageStatusView.h */ = {isa = PBXFileReference; fileEncoding = 4; lastKnownFileType = sourcecode.c.h; path = EMMessageStatusView.h; sourceTree = "<group>"; };
		DDD7A82A28646E05008BE80F /* InputingView.m */ = {isa = PBXFileReference; fileEncoding = 4; lastKnownFileType = sourcecode.c.objc; path = InputingView.m; sourceTree = "<group>"; };
		DDD7A82B28646E05008BE80F /* EMMessageModel.m */ = {isa = PBXFileReference; fileEncoding = 4; lastKnownFileType = sourcecode.c.objc; path = EMMessageModel.m; sourceTree = "<group>"; };
		DDD7A82C28646E05008BE80F /* AnnouncementView.h */ = {isa = PBXFileReference; fileEncoding = 4; lastKnownFileType = sourcecode.c.h; path = AnnouncementView.h; sourceTree = "<group>"; };
		DDD7A82D28646E05008BE80F /* ChatTopView.m */ = {isa = PBXFileReference; fileEncoding = 4; lastKnownFileType = sourcecode.c.objc; path = ChatTopView.m; sourceTree = "<group>"; };
		DDD7A82E28646E05008BE80F /* ChatBar.h */ = {isa = PBXFileReference; fileEncoding = 4; lastKnownFileType = sourcecode.c.h; path = ChatBar.h; sourceTree = "<group>"; };
		DDD7A82F28646E05008BE80F /* CustomBadgeView.m */ = {isa = PBXFileReference; fileEncoding = 4; lastKnownFileType = sourcecode.c.objc; path = CustomBadgeView.m; sourceTree = "<group>"; };
		DDD7A83028646E05008BE80F /* ChatView.m */ = {isa = PBXFileReference; fileEncoding = 4; lastKnownFileType = sourcecode.c.objc; path = ChatView.m; sourceTree = "<group>"; };
/* End PBXFileReference section */

/* Begin PBXFrameworksBuildPhase section */
		58B511D81A9E6C8500147676 /* Frameworks */ = {
			isa = PBXFrameworksBuildPhase;
			buildActionMask = 2147483647;
			files = (
			);
			runOnlyForDeploymentPostprocessing = 0;
		};
/* End PBXFrameworksBuildPhase section */

/* Begin PBXGroup section */
		134814211AA4EA7D00B7C361 /* Products */ = {
			isa = PBXGroup;
			children = (
				134814201AA4EA6300B7C361 /* libRNAgoraRteChatview.a */,
			);
			name = Products;
			sourceTree = "<group>";
		};
		58B511D21A9E6C8500147676 = {
			isa = PBXGroup;
			children = (
				DDD7A7E528646E05008BE80F /* ChatWidget */,
				DD2E48F42861DB5300D16060 /* RCTAgoraRteChatViewManager.h */,
				DD2E48F52861DB5300D16060 /* RCTAgoraRteChatViewManager.m */,
				B3E7B5881CC2AC0600A0062D /* RCTAgoraRteChatView.h */,
				B3E7B5891CC2AC0600A0062D /* RCTAgoraRteChatView.m */,
				134814211AA4EA7D00B7C361 /* Products */,
			);
			sourceTree = "<group>";
		};
		DDD7A7E528646E05008BE80F /* ChatWidget */ = {
			isa = PBXGroup;
			children = (
				DDD7A7E628646E05008BE80F /* Utils */,
				DDD7A7EB28646E05008BE80F /* EmojiKeyBoard */,
				DDD7A7F028646E05008BE80F /* AgoraRteChat.bundle */,
				DDD7A7F128646E05008BE80F /* Main */,
				DDD7A7F728646E05008BE80F /* Views */,
			);
			path = ChatWidget;
			sourceTree = "<group>";
		};
		DDD7A7E628646E05008BE80F /* Utils */ = {
			isa = PBXGroup;
			children = (
				DDD7A7E728646E05008BE80F /* AGResourceManager.h */,
				DDD7A7E828646E05008BE80F /* EMDateHelper.h */,
				DDD7A7E928646E05008BE80F /* AGResourceManager.m */,
				DDD7A7EA28646E05008BE80F /* EMDateHelper.m */,
			);
			path = Utils;
			sourceTree = "<group>";
		};
		DDD7A7EB28646E05008BE80F /* EmojiKeyBoard */ = {
			isa = PBXGroup;
			children = (
				DDD7A7EC28646E05008BE80F /* EMEmojiHelper.m */,
				DDD7A7ED28646E05008BE80F /* EmojiKeyboardView.m */,
				DDD7A7EE28646E05008BE80F /* EMEmojiHelper.h */,
				DDD7A7EF28646E05008BE80F /* EmojiKeyboardView.h */,
			);
			path = EmojiKeyBoard;
			sourceTree = "<group>";
		};
		DDD7A7F128646E05008BE80F /* Main */ = {
			isa = PBXGroup;
			children = (
				DDD7A7F228646E05008BE80F /* ChatUserConfig.h */,
				DDD7A7F328646E05008BE80F /* ChatManager.h */,
				DDD7A7F428646E05008BE80F /* ChatUserConfig.m */,
				DDD7A7F528646E05008BE80F /* ChatWidgetDefine.h */,
				DDD7A7F628646E05008BE80F /* ChatManager.m */,
			);
			path = Main;
			sourceTree = "<group>";
		};
		DDD7A7F728646E05008BE80F /* Views */ = {
			isa = PBXGroup;
			children = (
				DDD7A7F828646E05008BE80F /* EMMessageModel.h */,
				DDD7A7F928646E05008BE80F /* AnnouncementView.m */,
				DDD7A7FA28646E05008BE80F /* InputingView.h */,
				DDD7A7FB28646E05008BE80F /* ChatView.h */,
				DDD7A7FC28646E05008BE80F /* CustomBadgeView.h */,
				DDD7A7FD28646E05008BE80F /* ChatBar.m */,
				DDD7A7FE28646E05008BE80F /* ChatTopView.h */,
				DDD7A7FF28646E05008BE80F /* MessageCell */,
				DDD7A82A28646E05008BE80F /* InputingView.m */,
				DDD7A82B28646E05008BE80F /* EMMessageModel.m */,
				DDD7A82C28646E05008BE80F /* AnnouncementView.h */,
				DDD7A82D28646E05008BE80F /* ChatTopView.m */,
				DDD7A82E28646E05008BE80F /* ChatBar.h */,
				DDD7A82F28646E05008BE80F /* CustomBadgeView.m */,
				DDD7A83028646E05008BE80F /* ChatView.m */,
			);
			path = Views;
			sourceTree = "<group>";
		};
		DDD7A7FF28646E05008BE80F /* MessageCell */ = {
			isa = PBXGroup;
			children = (
				DDD7A80028646E05008BE80F /* EMMessageCell.m */,
				DDD7A80128646E05008BE80F /* EMMessageStringCell.m */,
				DDD7A80228646E05008BE80F /* EMMessageStatusView.m */,
				DDD7A80328646E05008BE80F /* EMMessageStringCell.h */,
				DDD7A80428646E05008BE80F /* BubbleView */,
				DDD7A80B28646E05008BE80F /* EMMessageCell.h */,
				DDD7A80C28646E05008BE80F /* MsgCellImgs */,
				DDD7A82928646E05008BE80F /* EMMessageStatusView.h */,
			);
			path = MessageCell;
			sourceTree = "<group>";
		};
		DDD7A80428646E05008BE80F /* BubbleView */ = {
			isa = PBXGroup;
			children = (
				DDD7A80528646E05008BE80F /* EMMsgImageBubbleView.h */,
				DDD7A80628646E05008BE80F /* EMMessageBubbleView.h */,
				DDD7A80728646E05008BE80F /* EMMsgTextBubbleView.h */,
				DDD7A80828646E05008BE80F /* EMMsgImageBubbleView.m */,
				DDD7A80928646E05008BE80F /* EMMsgTextBubbleView.m */,
				DDD7A80A28646E05008BE80F /* EMMessageBubbleView.m */,
			);
			path = BubbleView;
			sourceTree = "<group>";
		};
		DDD7A80C28646E05008BE80F /* MsgCellImgs */ = {
			isa = PBXGroup;
			children = (
				DDD7A80D28646E05008BE80F /* msg_recv_audio02@2x.png */,
				DDD7A80E28646E05008BE80F /* msg_location@2x.png */,
				DDD7A80F28646E05008BE80F /* msg_location_white@3x.png */,
				DDD7A81028646E05008BE80F /* msg_bg_send@3x.png */,
				DDD7A81128646E05008BE80F /* msg_send_audio02@3x.png */,
				DDD7A81228646E05008BE80F /* msg_send_audio02@2x.png */,
				DDD7A81328646E05008BE80F /* msg_location_white@2x.png */,
				DDD7A81428646E05008BE80F /* msg_recv_audio02@3x.png */,
				DDD7A81528646E05008BE80F /* msg_location@3x.png */,
				DDD7A81628646E05008BE80F /* msg_fail@2x.png */,
				DDD7A81728646E05008BE80F /* msg_fail@3x.png */,
				DDD7A81828646E05008BE80F /* msg_send_audio@3x.png */,
				DDD7A81928646E05008BE80F /* msg_send_audio01@2x.png */,
				DDD7A81A28646E05008BE80F /* msg_recv_audio01@3x.png */,
				DDD7A81B28646E05008BE80F /* msg_recv_audio01@2x.png */,
				DDD7A81C28646E05008BE80F /* msg_send_audio01@3x.png */,
				DDD7A81D28646E05008BE80F /* msg_send_audio@2x.png */,
				DDD7A81E28646E05008BE80F /* msg_recv_audio@3x.png */,
				DDD7A81F28646E05008BE80F /* msg_file_white@2x.png */,
				DDD7A82028646E05008BE80F /* msg_file@3x.png */,
				DDD7A82128646E05008BE80F /* msg_img_broken@2x.png */,
				DDD7A82228646E05008BE80F /* msg_video_white@2x.png */,
				DDD7A82328646E05008BE80F /* msg_bg_recv@3x.png */,
				DDD7A82428646E05008BE80F /* msg_video_white@3x.png */,
				DDD7A82528646E05008BE80F /* msg_img_broken@3x.png */,
				DDD7A82628646E05008BE80F /* msg_file@2x.png */,
				DDD7A82728646E05008BE80F /* msg_file_white@3x.png */,
				DDD7A82828646E05008BE80F /* msg_recv_audio@2x.png */,
			);
			path = MsgCellImgs;
			sourceTree = "<group>";
		};
/* End PBXGroup section */

/* Begin PBXNativeTarget section */
		58B511DA1A9E6C8500147676 /* RNAgoraRteChatview */ = {
			isa = PBXNativeTarget;
			buildConfigurationList = 58B511EF1A9E6C8500147676 /* Build configuration list for PBXNativeTarget "RNAgoraRteChatview" */;
			buildPhases = (
				58B511D71A9E6C8500147676 /* Sources */,
				58B511D81A9E6C8500147676 /* Frameworks */,
				58B511D91A9E6C8500147676 /* CopyFiles */,
			);
			buildRules = (
			);
			dependencies = (
			);
			name = RNAgoraRteChatview;
			productName = RCTDataManager;
			productReference = 134814201AA4EA6300B7C361 /* libRNAgoraRteChatview.a */;
			productType = "com.apple.product-type.library.static";
		};
/* End PBXNativeTarget section */

/* Begin PBXProject section */
		58B511D31A9E6C8500147676 /* Project object */ = {
			isa = PBXProject;
			attributes = {
				LastUpgradeCheck = 0830;
				ORGANIZATIONNAME = Facebook;
				TargetAttributes = {
					58B511DA1A9E6C8500147676 = {
						CreatedOnToolsVersion = 6.1.1;
					};
				};
			};
			buildConfigurationList = 58B511D61A9E6C8500147676 /* Build configuration list for PBXProject "RNAgoraRteChatview" */;
			compatibilityVersion = "Xcode 3.2";
			developmentRegion = English;
			hasScannedForEncodings = 0;
			knownRegions = (
				English,
				en,
			);
			mainGroup = 58B511D21A9E6C8500147676;
			productRefGroup = 58B511D21A9E6C8500147676;
			projectDirPath = "";
			projectRoot = "";
			targets = (
				58B511DA1A9E6C8500147676 /* RNAgoraRteChatview */,
			);
		};
/* End PBXProject section */

/* Begin PBXSourcesBuildPhase section */
		58B511D71A9E6C8500147676 /* Sources */ = {
			isa = PBXSourcesBuildPhase;
			buildActionMask = 2147483647;
			files = (
				DDD7A83B28646E05008BE80F /* EMMessageStatusView.m in Sources */,
				DDD7A84228646E05008BE80F /* CustomBadgeView.m in Sources */,
				DDD7A83F28646E05008BE80F /* InputingView.m in Sources */,
				B3E7B58A1CC2AC0600A0062D /* RCTAgoraRteChatView.m in Sources */,
				DDD7A83228646E05008BE80F /* EMDateHelper.m in Sources */,
				DDD7A83A28646E05008BE80F /* EMMessageStringCell.m in Sources */,
				DDD7A84328646E05008BE80F /* ChatView.m in Sources */,
				DDD7A83728646E05008BE80F /* AnnouncementView.m in Sources */,
				DDD7A83128646E05008BE80F /* AGResourceManager.m in Sources */,
				DDD7A83C28646E05008BE80F /* EMMsgImageBubbleView.m in Sources */,
				DDD7A84128646E05008BE80F /* ChatTopView.m in Sources */,
				DDD7A83928646E05008BE80F /* EMMessageCell.m in Sources */,
				DDD7A83628646E05008BE80F /* ChatManager.m in Sources */,
				DDD7A83328646E05008BE80F /* EMEmojiHelper.m in Sources */,
				DDD7A83528646E05008BE80F /* ChatUserConfig.m in Sources */,
				DDD7A83D28646E05008BE80F /* EMMsgTextBubbleView.m in Sources */,
				DDD7A83828646E05008BE80F /* ChatBar.m in Sources */,
				DDD7A83428646E05008BE80F /* EmojiKeyboardView.m in Sources */,
				DDD7A83E28646E05008BE80F /* EMMessageBubbleView.m in Sources */,
				DD2E48F62861DB5300D16060 /* RCTAgoraRteChatViewManager.m in Sources */,
				DDD7A84028646E05008BE80F /* EMMessageModel.m in Sources */,
			);
			runOnlyForDeploymentPostprocessing = 0;
		};
/* End PBXSourcesBuildPhase section */

/* Begin XCBuildConfiguration section */
		58B511ED1A9E6C8500147676 /* Debug */ = {
			isa = XCBuildConfiguration;
			buildSettings = {
				ALWAYS_SEARCH_USER_PATHS = NO;
				CLANG_CXX_LANGUAGE_STANDARD = "gnu++0x";
				CLANG_CXX_LIBRARY = "libc++";
				CLANG_ENABLE_MODULES = YES;
				CLANG_ENABLE_OBJC_ARC = YES;
				CLANG_WARN_BOOL_CONVERSION = YES;
				CLANG_WARN_CONSTANT_CONVERSION = YES;
				CLANG_WARN_DIRECT_OBJC_ISA_USAGE = YES_ERROR;
				CLANG_WARN_EMPTY_BODY = YES;
				CLANG_WARN_ENUM_CONVERSION = YES;
				CLANG_WARN_INFINITE_RECURSION = YES;
				CLANG_WARN_INT_CONVERSION = YES;
				CLANG_WARN_OBJC_ROOT_CLASS = YES_ERROR;
				CLANG_WARN_SUSPICIOUS_MOVE = YES;
				CLANG_WARN_UNREACHABLE_CODE = YES;
				CLANG_WARN__DUPLICATE_METHOD_MATCH = YES;
				COPY_PHASE_STRIP = NO;
				ENABLE_STRICT_OBJC_MSGSEND = YES;
				ENABLE_TESTABILITY = YES;
				GCC_C_LANGUAGE_STANDARD = gnu99;
				GCC_DYNAMIC_NO_PIC = NO;
				GCC_NO_COMMON_BLOCKS = YES;
				GCC_OPTIMIZATION_LEVEL = 0;
				GCC_PREPROCESSOR_DEFINITIONS = (
					"DEBUG=1",
					"$(inherited)",
				);
				GCC_SYMBOLS_PRIVATE_EXTERN = NO;
				GCC_WARN_64_TO_32_BIT_CONVERSION = YES;
				GCC_WARN_ABOUT_RETURN_TYPE = YES_ERROR;
				GCC_WARN_UNDECLARED_SELECTOR = YES;
				GCC_WARN_UNINITIALIZED_AUTOS = YES_AGGRESSIVE;
				GCC_WARN_UNUSED_FUNCTION = YES;
				GCC_WARN_UNUSED_VARIABLE = YES;
				IPHONEOS_DEPLOYMENT_TARGET = 8.0;
				MTL_ENABLE_DEBUG_INFO = YES;
				ONLY_ACTIVE_ARCH = YES;
				SDKROOT = iphoneos;
			};
			name = Debug;
		};
		58B511EE1A9E6C8500147676 /* Release */ = {
			isa = XCBuildConfiguration;
			buildSettings = {
				ALWAYS_SEARCH_USER_PATHS = NO;
				CLANG_CXX_LANGUAGE_STANDARD = "gnu++0x";
				CLANG_CXX_LIBRARY = "libc++";
				CLANG_ENABLE_MODULES = YES;
				CLANG_ENABLE_OBJC_ARC = YES;
				CLANG_WARN_BOOL_CONVERSION = YES;
				CLANG_WARN_CONSTANT_CONVERSION = YES;
				CLANG_WARN_DIRECT_OBJC_ISA_USAGE = YES_ERROR;
				CLANG_WARN_EMPTY_BODY = YES;
				CLANG_WARN_ENUM_CONVERSION = YES;
				CLANG_WARN_INFINITE_RECURSION = YES;
				CLANG_WARN_INT_CONVERSION = YES;
				CLANG_WARN_OBJC_ROOT_CLASS = YES_ERROR;
				CLANG_WARN_SUSPICIOUS_MOVE = YES;
				CLANG_WARN_UNREACHABLE_CODE = YES;
				CLANG_WARN__DUPLICATE_METHOD_MATCH = YES;
				COPY_PHASE_STRIP = YES;
				ENABLE_NS_ASSERTIONS = NO;
				ENABLE_STRICT_OBJC_MSGSEND = YES;
				GCC_C_LANGUAGE_STANDARD = gnu99;
				GCC_NO_COMMON_BLOCKS = YES;
				GCC_WARN_64_TO_32_BIT_CONVERSION = YES;
				GCC_WARN_ABOUT_RETURN_TYPE = YES_ERROR;
				GCC_WARN_UNDECLARED_SELECTOR = YES;
				GCC_WARN_UNINITIALIZED_AUTOS = YES_AGGRESSIVE;
				GCC_WARN_UNUSED_FUNCTION = YES;
				GCC_WARN_UNUSED_VARIABLE = YES;
				IPHONEOS_DEPLOYMENT_TARGET = 8.0;
				MTL_ENABLE_DEBUG_INFO = NO;
				SDKROOT = iphoneos;
				VALIDATE_PRODUCT = YES;
			};
			name = Release;
		};
		58B511F01A9E6C8500147676 /* Debug */ = {
			isa = XCBuildConfiguration;
			buildSettings = {
				HEADER_SEARCH_PATHS = (
					"$(inherited)",
					/Applications/Xcode.app/Contents/Developer/Toolchains/XcodeDefault.xctoolchain/usr/include,
					"$(SRCROOT)/../../../React/**",
					"$(SRCROOT)/../../react-native/React/**",
				);
				LIBRARY_SEARCH_PATHS = "$(inherited)";
				OTHER_LDFLAGS = "-ObjC";
				PRODUCT_NAME = RNAgoraRteChatview;
				SKIP_INSTALL = YES;
			};
			name = Debug;
		};
		58B511F11A9E6C8500147676 /* Release */ = {
			isa = XCBuildConfiguration;
			buildSettings = {
				HEADER_SEARCH_PATHS = (
					"$(inherited)",
					/Applications/Xcode.app/Contents/Developer/Toolchains/XcodeDefault.xctoolchain/usr/include,
					"$(SRCROOT)/../../../React/**",
					"$(SRCROOT)/../../react-native/React/**",
				);
				LIBRARY_SEARCH_PATHS = "$(inherited)";
				OTHER_LDFLAGS = "-ObjC";
				PRODUCT_NAME = RNAgoraRteChatview;
				SKIP_INSTALL = YES;
			};
			name = Release;
		};
/* End XCBuildConfiguration section */

/* Begin XCConfigurationList section */
		58B511D61A9E6C8500147676 /* Build configuration list for PBXProject "RNAgoraRteChatview" */ = {
			isa = XCConfigurationList;
			buildConfigurations = (
				58B511ED1A9E6C8500147676 /* Debug */,
				58B511EE1A9E6C8500147676 /* Release */,
			);
			defaultConfigurationIsVisible = 0;
			defaultConfigurationName = Release;
		};
		58B511EF1A9E6C8500147676 /* Build configuration list for PBXNativeTarget "RNAgoraRteChatview" */ = {
			isa = XCConfigurationList;
			buildConfigurations = (
				58B511F01A9E6C8500147676 /* Debug */,
				58B511F11A9E6C8500147676 /* Release */,
			);
			defaultConfigurationIsVisible = 0;
			defaultConfigurationName = Release;
		};
/* End XCConfigurationList section */
	};
	rootObject = 58B511D31A9E6C8500147676 /* Project object */;
}
